
Microsoft Visual Studio Solution File, Format Version 12.00
# Visual Studio 15
VisualStudioVersion = 15.0.28010.2046
MinimumVisualStudioVersion = 10.0.40219.1
Project("{FAE04EC0-301F-11D3-BF4B-00C04F79EFBC}") = "ClassLibraryEmployeeManagement", "ClassLibraryEmployeeManagement\ClassLibraryEmployeeManagement.csproj", "{CE1116BE-7C2C-4FD3-B4D7-191398B7FBFB}"
EndProject
Project("{FAE04EC0-301F-11D3-BF4B-00C04F79EFBC}") = "WindowsFormsEmployee", "WindowsFormsEmployee\WindowsFormsEmployee.csproj", "{DF199BE7-D1DB-4640-A090-5262E693B5D7}"
EndProject
Project("{FAE04EC0-301F-11D3-BF4B-00C04F79EFBC}") = "WebApplcnEmployee", "WebApplcnEmployee\WebApplcnEmployee.csproj", "{9F376E38-F502-45A4-B592-A85E04F09443}"
EndProject
Global
	GlobalSection(SolutionConfigurationPlatforms) = preSolution
		Debug|Any CPU = Debug|Any CPU
		Release|Any CPU = Release|Any CPU
	EndGlobalSection
	GlobalSection(ProjectConfigurationPlatforms) = postSolution
		{CE1116BE-7C2C-4FD3-B4D7-191398B7FBFB}.Debug|Any CPU.ActiveCfg = Debug|Any CPU
		{CE1116BE-7C2C-4FD3-B4D7-191398B7FBFB}.Debug|Any CPU.Build.0 = Debug|Any CPU
		{CE1116BE-7C2C-4FD3-B4D7-191398B7FBFB}.Release|Any CPU.ActiveCfg = Release|Any CPU
		{CE1116BE-7C2C-4FD3-B4D7-191398B7FBFB}.Release|Any CPU.Build.0 = Release|Any CPU
		{DF199BE7-D1DB-4640-A090-5262E693B5D7}.Debug|Any CPU.ActiveCfg = Debug|Any CPU
		{DF199BE7-D1DB-4640-A090-5262E693B5D7}.Debug|Any CPU.Build.0 = Debug|Any CPU
		{DF199BE7-D1DB-4640-A090-5262E693B5D7}.Release|Any CPU.ActiveCfg = Release|Any CPU
		{DF199BE7-D1DB-4640-A090-5262E693B5D7}.Release|Any CPU.Build.0 = Release|Any CPU
		{9F376E38-F502-45A4-B592-A85E04F09443}.Debug|Any CPU.ActiveCfg = Debug|Any CPU
		{9F376E38-F502-45A4-B592-A85E04F09443}.Debug|Any CPU.Build.0 = Debug|Any CPU
		{9F376E38-F502-45A4-B592-A85E04F09443}.Release|Any CPU.ActiveCfg = Release|Any CPU
		{9F376E38-F502-45A4-B592-A85E04F09443}.Release|Any CPU.Build.0 = Release|Any CPU
	EndGlobalSection
	GlobalSection(SolutionProperties) = preSolution
		HideSolutionNode = FALSE
	EndGlobalSection
	GlobalSection(ExtensibilityGlobals) = postSolution
		SolutionGuid = {AC4535E8-9A3E-409E-AFFC-54EC618E8065}
	EndGlobalSection
EndGlobal
